# THIS IS AN AUTOGENERATED FILE. DO NOT EDIT THIS FILE DIRECTLY.
# yarn lockfile v1

react@^17.0.2:
  version "17.0.2"
  resolved "https://registry.yarnpkg.com/react/-/react-17.0.2.tgz#deaf15b5e3d7a391edbff4087d5bc10dd6bd88be"

redux@^4.1.2:
  version "4.1.2"
  resolved "https://registry.yarnpkg.com/redux/-/redux-4.1.2.tgz#1469fc75d94e17dcd90fb99283a67e5a67736d1c"

express@^4.17.2:
  version "4.17.2"
  resolved "https://registry.yarnpkg.com/express/-/express-4.17.2.tgz#1a95b6f33c47c82b5c12dc889806d6c134c5d482"

mongodb@^4.0.0:
  version "4.0.0"
  resolved "https://registry.yarnpkg.com/mongodb/-/mongodb-4.0.0.tgz#fc26d2f8d8d7a4e5f9f01c3fa6ab3bd90d01de17"

jsonwebtoken@^8.5.1:
  version "8.5.1"
  resolved "https://registry.yarnpkg.com/jsonwebtoken/-/jsonwebtoken-8.5.1.tgz#f5db454d23eeb94b8b1ef09b8ae70dfc92a56739"

"@material-ui/core@^4.12.3":
  version "4.12.3"
  resolved "https://registry.yarnpkg.com/@material-ui/core/-/core-4.12.3.tgz#71d99265b7a63d8693fbd7c1329b7eb5f5d23a84"

jest@^27.5.1:
  version "27.5.1"
  resolved "https://registry.yarnpkg.com/jest/-/jest-27.5.1.tgz#f9e6a08824ac2f9c2d69f75dd3a5b1e98351ff76"

eslint@^8.3.0:
  version "8.3.0"
  resolved "https://registry.yarnpkg.com/eslint/-/eslint-8.3.0.tgz#f97f1649a02c3f8c2b62f659dbed9aaf66fd5e08"

nodemon@^2.0.15:
  version "2.0.15"
  resolved "https://registry.yarnpkg.com/nodemon/-/nodemon-2.0.15.tgz#f7924628d1a674cc09f69e065ed5181716f2f89d"
